// !$*UTF8*$!
{
	archiveVersion = 1;
	classes = {
	};
	objectVersion = 48;
	objects = {

/* Begin PBXBuildFile section */
		3F247918207372A0004BE733 /* AppDelegate.swift in Sources */ = {isa = PBXBuildFile; fileRef = 3F247917207372A0004BE733 /* AppDelegate.swift */; };
		3F24791D207372A0004BE733 /* Main.storyboard in Resources */ = {isa = PBXBuildFile; fileRef = 3F24791B207372A0004BE733 /* Main.storyboard */; };
		3F24791F207372A0004BE733 /* Assets.xcassets in Resources */ = {isa = PBXBuildFile; fileRef = 3F24791E207372A0004BE733 /* Assets.xcassets */; };
		3F247922207372A0004BE733 /* LaunchScreen.storyboard in Resources */ = {isa = PBXBuildFile; fileRef = 3F247920207372A0004BE733 /* LaunchScreen.storyboard */; };
		3F24792B20737B63004BE733 /* SongViewController.swift in Sources */ = {isa = PBXBuildFile; fileRef = 3F24792A20737B63004BE733 /* SongViewController.swift */; };
		3F24793220737ED1004BE733 /* 3.jpeg in Resources */ = {isa = PBXBuildFile; fileRef = 3F24792D20737ED0004BE733 /* 3.jpeg */; };
		3F24793320737ED1004BE733 /* 2.jpeg in Resources */ = {isa = PBXBuildFile; fileRef = 3F24792E20737ED0004BE733 /* 2.jpeg */; };
		3F24793420737ED1004BE733 /* 1.jpeg in Resources */ = {isa = PBXBuildFile; fileRef = 3F24792F20737ED1004BE733 /* 1.jpeg */; };
		3F24793520737ED1004BE733 /* 4.jpeg in Resources */ = {isa = PBXBuildFile; fileRef = 3F24793020737ED1004BE733 /* 4.jpeg */; };
		3F24793620737ED1004BE733 /* 5.jpeg in Resources */ = {isa = PBXBuildFile; fileRef = 3F24793120737ED1004BE733 /* 5.jpeg */; };
		3F9B3AE920739F5E006B19F9 /* CannedSongs.plist in Resources */ = {isa = PBXBuildFile; fileRef = 3F24793720737EE4004BE733 /* CannedSongs.plist */; };
		3F9B3AEB2073A278006B19F9 /* SmallViewController.swift in Sources */ = {isa = PBXBuildFile; fileRef = 3F9B3AEA2073A278006B19F9 /* SmallViewController.swift */; };
		3F9B3AED2074BE73006B19F9 /* UIView+Snapshot.swift in Sources */ = {isa = PBXBuildFile; fileRef = 3F9B3AEC2074BE73006B19F9 /* UIView+Snapshot.swift */; };
		3F9B3AEF2074BF1E006B19F9 /* BigViewController.swift in Sources */ = {isa = PBXBuildFile; fileRef = 3F9B3AEE2074BF1E006B19F9 /* BigViewController.swift */; };
		3FA87F3C207382080041777C /* SongCollectionDatasource.swift in Sources */ = {isa = PBXBuildFile; fileRef = 3FA87F3B207382080041777C /* SongCollectionDatasource.swift */; };
		3FA87F3E2073824F0041777C /* DataStack.swift in Sources */ = {isa = PBXBuildFile; fileRef = 3FA87F3D2073824F0041777C /* DataStack.swift */; };
		3FA87F41207382740041777C /* Song.swift in Sources */ = {isa = PBXBuildFile; fileRef = 3FA87F40207382740041777C /* Song.swift */; };
		3FA87F43207398AF0041777C /* SongBuilder.swift in Sources */ = {isa = PBXBuildFile; fileRef = 3FA87F42207398AF0041777C /* SongBuilder.swift */; };
		3FA87F4620739AD10041777C /* SongCell.swift in Sources */ = {isa = PBXBuildFile; fileRef = 3FA87F4520739AD10041777C /* SongCell.swift */; };
		3FA87F4920739C460041777C /* Song+imageLoad.swift in Sources */ = {isa = PBXBuildFile; fileRef = 3FA87F4820739C460041777C /* Song+imageLoad.swift */; };
		B77C652D2075192E007B96B6 /* SongPlayViewController.swift in Sources */ = {isa = PBXBuildFile; fileRef = B77C652C2075192E007B96B6 /* SongPlayViewController.swift */; };
		B77C652F2075DE7A007B96B6 /* SongSubscriber.swift in Sources */ = {isa = PBXBuildFile; fileRef = B77C652E2075DE7A007B96B6 /* SongSubscriber.swift */; };
/* End PBXBuildFile section */

/* Begin PBXFileReference section */
		3F2479142073729F004BE733 /* SongAnimation.app */ = {isa = PBXFileReference; explicitFileType = wrapper.application; includeInIndex = 0; path = SongAnimation.app; sourceTree = BUILT_PRODUCTS_DIR; };
		3F247917207372A0004BE733 /* AppDelegate.swift */ = {isa = PBXFileReference; lastKnownFileType = sourcecode.swift; path = AppDelegate.swift; sourceTree = "<group>"; };
		3F24791C207372A0004BE733 /* Base */ = {isa = PBXFileReference; lastKnownFileType = file.storyboard; name = Base; path = Base.lproj/Main.storyboard; sourceTree = "<group>"; };
		3F24791E207372A0004BE733 /* Assets.xcassets */ = {isa = PBXFileReference; lastKnownFileType = folder.assetcatalog; path = Assets.xcassets; sourceTree = "<group>"; };
		3F247921207372A0004BE733 /* Base */ = {isa = PBXFileReference; lastKnownFileType = file.storyboard; name = Base; path = Base.lproj/LaunchScreen.storyboard; sourceTree = "<group>"; };
		3F247923207372A0004BE733 /* Info.plist */ = {isa = PBXFileReference; lastKnownFileType = text.plist.xml; path = Info.plist; sourceTree = "<group>"; };
		3F24792A20737B63004BE733 /* SongViewController.swift */ = {isa = PBXFileReference; lastKnownFileType = sourcecode.swift; path = SongViewController.swift; sourceTree = "<group>"; };
		3F24792D20737ED0004BE733 /* 3.jpeg */ = {isa = PBXFileReference; lastKnownFileType = image.jpeg; path = 3.jpeg; sourceTree = "<group>"; };
		3F24792E20737ED0004BE733 /* 2.jpeg */ = {isa = PBXFileReference; lastKnownFileType = image.jpeg; path = 2.jpeg; sourceTree = "<group>"; };
		3F24792F20737ED1004BE733 /* 1.jpeg */ = {isa = PBXFileReference; lastKnownFileType = image.jpeg; path = 1.jpeg; sourceTree = "<group>"; };
		3F24793020737ED1004BE733 /* 4.jpeg */ = {isa = PBXFileReference; lastKnownFileType = image.jpeg; path = 4.jpeg; sourceTree = "<group>"; };
		3F24793120737ED1004BE733 /* 5.jpeg */ = {isa = PBXFileReference; lastKnownFileType = image.jpeg; path = 5.jpeg; sourceTree = "<group>"; };
		3F24793720737EE4004BE733 /* CannedSongs.plist */ = {isa = PBXFileReference; lastKnownFileType = text.plist.xml; path = CannedSongs.plist; sourceTree = "<group>"; };
		3F9B3AEA2073A278006B19F9 /* SmallViewController.swift */ = {isa = PBXFileReference; lastKnownFileType = sourcecode.swift; path = SmallViewController.swift; sourceTree = "<group>"; };
		3F9B3AEC2074BE73006B19F9 /* UIView+Snapshot.swift */ = {isa = PBXFileReference; lastKnownFileType = sourcecode.swift; path = "UIView+Snapshot.swift"; sourceTree = "<group>"; };
		3F9B3AEE2074BF1E006B19F9 /* BigViewController.swift */ = {isa = PBXFileReference; lastKnownFileType = sourcecode.swift; path = BigViewController.swift; sourceTree = "<group>"; };
		3FA87F3B207382080041777C /* SongCollectionDatasource.swift */ = {isa = PBXFileReference; lastKnownFileType = sourcecode.swift; path = SongCollectionDatasource.swift; sourceTree = "<group>"; };
		3FA87F3D2073824F0041777C /* DataStack.swift */ = {isa = PBXFileReference; lastKnownFileType = sourcecode.swift; path = DataStack.swift; sourceTree = "<group>"; };
		3FA87F40207382740041777C /* Song.swift */ = {isa = PBXFileReference; lastKnownFileType = sourcecode.swift; path = Song.swift; sourceTree = "<group>"; };
		3FA87F42207398AF0041777C /* SongBuilder.swift */ = {isa = PBXFileReference; lastKnownFileType = sourcecode.swift; path = SongBuilder.swift; sourceTree = "<group>"; };
		3FA87F4520739AD10041777C /* SongCell.swift */ = {isa = PBXFileReference; lastKnownFileType = sourcecode.swift; path = SongCell.swift; sourceTree = "<group>"; };
		3FA87F4820739C460041777C /* Song+imageLoad.swift */ = {isa = PBXFileReference; lastKnownFileType = sourcecode.swift; path = "Song+imageLoad.swift"; sourceTree = "<group>"; };
		B77C652C2075192E007B96B6 /* SongPlayViewController.swift */ = {isa = PBXFileReference; lastKnownFileType = sourcecode.swift; path = SongPlayViewController.swift; sourceTree = "<group>"; };
		B77C652E2075DE7A007B96B6 /* SongSubscriber.swift */ = {isa = PBXFileReference; lastKnownFileType = sourcecode.swift; path = SongSubscriber.swift; sourceTree = "<group>"; };
/* End PBXFileReference section */

/* Begin PBXFrameworksBuildPhase section */
		3F2479112073729F004BE733 /* Frameworks */ = {
			isa = PBXFrameworksBuildPhase;
			buildActionMask = 2147483647;
			files = (
			);
			runOnlyForDeploymentPostprocessing = 0;
		};
/* End PBXFrameworksBuildPhase section */

/* Begin PBXGroup section */
		3F24790B2073729F004BE733 = {
			isa = PBXGroup;
			children = (
				3F2479162073729F004BE733 /* SongAnimation */,
				3F2479152073729F004BE733 /* Products */,
			);
			sourceTree = "<group>";
		};
		3F2479152073729F004BE733 /* Products */ = {
			isa = PBXGroup;
			children = (
				3F2479142073729F004BE733 /* SongAnimation.app */,
			);
			name = Products;
			sourceTree = "<group>";
		};
		3F2479162073729F004BE733 /* SongAnimation */ = {
			isa = PBXGroup;
			children = (
				3FA87F4720739C280041777C /* Helper */,
				3FA87F4420739AB60041777C /* View */,
				3FA87F3F207382600041777C /* Model */,
				3F24792C20737DBD004BE733 /* Data */,
				3F24792920737B34004BE733 /* ViewController */,
				3F247917207372A0004BE733 /* AppDelegate.swift */,
				3F24791E207372A0004BE733 /* Assets.xcassets */,
				3F247920207372A0004BE733 /* LaunchScreen.storyboard */,
				3F247923207372A0004BE733 /* Info.plist */,
			);
			path = SongAnimation;
			sourceTree = "<group>";
		};
		3F24792920737B34004BE733 /* ViewController */ = {
			isa = PBXGroup;
			children = (
				3F24791B207372A0004BE733 /* Main.storyboard */,
				3F24792A20737B63004BE733 /* SongViewController.swift */,
				3F9B3AEA2073A278006B19F9 /* SmallViewController.swift */,
				3F9B3AEE2074BF1E006B19F9 /* BigViewController.swift */,
				B77C652C2075192E007B96B6 /* SongPlayViewController.swift */,
			);
			path = ViewController;
			sourceTree = "<group>";
		};
		3F24792C20737DBD004BE733 /* Data */ = {
			isa = PBXGroup;
			children = (
				3F24793720737EE4004BE733 /* CannedSongs.plist */,
				3F24792F20737ED1004BE733 /* 1.jpeg */,
				3F24792E20737ED0004BE733 /* 2.jpeg */,
				3F24792D20737ED0004BE733 /* 3.jpeg */,
				3F24793020737ED1004BE733 /* 4.jpeg */,
				3F24793120737ED1004BE733 /* 5.jpeg */,
				3FA87F3B207382080041777C /* SongCollectionDatasource.swift */,
				3FA87F3D2073824F0041777C /* DataStack.swift */,
				3FA87F42207398AF0041777C /* SongBuilder.swift */,
			);
			path = Data;
			sourceTree = "<group>";
		};
		3FA87F3F207382600041777C /* Model */ = {
			isa = PBXGroup;
			children = (
				3FA87F40207382740041777C /* Song.swift */,
				B77C652E2075DE7A007B96B6 /* SongSubscriber.swift */,
			);
			path = Model;
			sourceTree = "<group>";
		};
		3FA87F4420739AB60041777C /* View */ = {
			isa = PBXGroup;
			children = (
				3FA87F4520739AD10041777C /* SongCell.swift */,
			);
			path = View;
			sourceTree = "<group>";
		};
		3FA87F4720739C280041777C /* Helper */ = {
			isa = PBXGroup;
			children = (
				3FA87F4820739C460041777C /* Song+imageLoad.swift */,
				3F9B3AEC2074BE73006B19F9 /* UIView+Snapshot.swift */,
			);
			path = Helper;
			sourceTree = "<group>";
		};
/* End PBXGroup section */

/* Begin PBXNativeTarget section */
		3F2479132073729F004BE733 /* SongAnimation */ = {
			isa = PBXNativeTarget;
			buildConfigurationList = 3F247926207372A0004BE733 /* Build configuration list for PBXNativeTarget "SongAnimation" */;
			buildPhases = (
				3F2479102073729F004BE733 /* Sources */,
				3F2479112073729F004BE733 /* Frameworks */,
				3F2479122073729F004BE733 /* Resources */,
			);
			buildRules = (
			);
			dependencies = (
			);
			name = SongAnimation;
			productName = SongAnimation;
			productReference = 3F2479142073729F004BE733 /* SongAnimation.app */;
			productType = "com.apple.product-type.application";
		};
/* End PBXNativeTarget section */

/* Begin PBXProject section */
		3F24790C2073729F004BE733 /* Project object */ = {
			isa = PBXProject;
			attributes = {
				LastSwiftUpdateCheck = 0920;
				LastUpgradeCheck = 0920;
				ORGANIZATIONNAME = ljb48229;
				TargetAttributes = {
					3F2479132073729F004BE733 = {
						CreatedOnToolsVersion = 9.2;
						ProvisioningStyle = Automatic;
					};
				};
			};
			buildConfigurationList = 3F24790F2073729F004BE733 /* Build configuration list for PBXProject "SongAnimation" */;
			compatibilityVersion = "Xcode 8.0";
			developmentRegion = en;
			hasScannedForEncodings = 0;
			knownRegions = (
				en,
				Base,
			);
			mainGroup = 3F24790B2073729F004BE733;
			productRefGroup = 3F2479152073729F004BE733 /* Products */;
			projectDirPath = "";
			projectRoot = "";
			targets = (
				3F2479132073729F004BE733 /* SongAnimation */,
			);
		};
/* End PBXProject section */

/* Begin PBXResourcesBuildPhase section */
		3F2479122073729F004BE733 /* Resources */ = {
			isa = PBXResourcesBuildPhase;
			buildActionMask = 2147483647;
			files = (
				3F24793320737ED1004BE733 /* 2.jpeg in Resources */,
				3F24793420737ED1004BE733 /* 1.jpeg in Resources */,
				3F9B3AE920739F5E006B19F9 /* CannedSongs.plist in Resources */,
				3F247922207372A0004BE733 /* LaunchScreen.storyboard in Resources */,
				3F24793220737ED1004BE733 /* 3.jpeg in Resources */,
				3F24793520737ED1004BE733 /* 4.jpeg in Resources */,
				3F24791F207372A0004BE733 /* Assets.xcassets in Resources */,
				3F24791D207372A0004BE733 /* Main.storyboard in Resources */,
				3F24793620737ED1004BE733 /* 5.jpeg in Resources */,
			);
			runOnlyForDeploymentPostprocessing = 0;
		};
/* End PBXResourcesBuildPhase section */

/* Begin PBXSourcesBuildPhase section */
		3F2479102073729F004BE733 /* Sources */ = {
			isa = PBXSourcesBuildPhase;
			buildActionMask = 2147483647;
			files = (
				3F9B3AEF2074BF1E006B19F9 /* BigViewController.swift in Sources */,
				B77C652F2075DE7A007B96B6 /* SongSubscriber.swift in Sources */,
				3FA87F3C207382080041777C /* SongCollectionDatasource.swift in Sources */,
				3F247918207372A0004BE733 /* AppDelegate.swift in Sources */,
				3FA87F43207398AF0041777C /* SongBuilder.swift in Sources */,
				3F9B3AEB2073A278006B19F9 /* SmallViewController.swift in Sources */,
				3FA87F4620739AD10041777C /* SongCell.swift in Sources */,
				3FA87F4920739C460041777C /* Song+imageLoad.swift in Sources */,
				3FA87F3E2073824F0041777C /* DataStack.swift in Sources */,
				3F24792B20737B63004BE733 /* SongViewController.swift in Sources */,
				3F9B3AED2074BE73006B19F9 /* UIView+Snapshot.swift in Sources */,
				3FA87F41207382740041777C /* Song.swift in Sources */,
				B77C652D2075192E007B96B6 /* SongPlayViewController.swift in Sources */,
			);
			runOnlyForDeploymentPostprocessing = 0;
		};
/* End PBXSourcesBuildPhase section */

/* Begin PBXVariantGroup section */
		3F24791B207372A0004BE733 /* Main.storyboard */ = {
			isa = PBXVariantGroup;
			children = (
				3F24791C207372A0004BE733 /* Base */,
			);
			name = Main.storyboard;
			sourceTree = "<group>";
		};
		3F247920207372A0004BE733 /* LaunchScreen.storyboard */ = {
			isa = PBXVariantGroup;
			children = (
				3F247921207372A0004BE733 /* Base */,
			);
			name = LaunchScreen.storyboard;
			sourceTree = "<group>";
		};
/* End PBXVariantGroup section */

/* Begin XCBuildConfiguration section */
		3F247924207372A0004BE733 /* Debug */ = {
			isa = XCBuildConfiguration;
			buildSettings = {
				ALWAYS_SEARCH_USER_PATHS = NO;
				CLANG_ANALYZER_NONNULL = YES;
				CLANG_ANALYZER_NUMBER_OBJECT_CONVERSION = YES_AGGRESSIVE;
				CLANG_CXX_LANGUAGE_STANDARD = "gnu++14";
				CLANG_CXX_LIBRARY = "libc++";
				CLANG_ENABLE_MODULES = YES;
				CLANG_ENABLE_OBJC_ARC = YES;
				CLANG_WARN_BLOCK_CAPTURE_AUTORELEASING = YES;
				CLANG_WARN_BOOL_CONVERSION = YES;
				CLANG_WARN_COMMA = YES;
				CLANG_WARN_CONSTANT_CONVERSION = YES;
				CLANG_WARN_DIRECT_OBJC_ISA_USAGE = YES_ERROR;
				CLANG_WARN_DOCUMENTATION_COMMENTS = YES;
				CLANG_WARN_EMPTY_BODY = YES;
				CLANG_WARN_ENUM_CONVERSION = YES;
				CLANG_WARN_INFINITE_RECURSION = YES;
				CLANG_WARN_INT_CONVERSION = YES;
				CLANG_WARN_NON_LITERAL_NULL_CONVERSION = YES;
				CLANG_WARN_OBJC_LITERAL_CONVERSION = YES;
				CLANG_WARN_OBJC_ROOT_CLASS = YES_ERROR;
				CLANG_WARN_RANGE_LOOP_ANALYSIS = YES;
				CLANG_WARN_STRICT_PROTOTYPES = YES;
				CLANG_WARN_SUSPICIOUS_MOVE = YES;
				CLANG_WARN_UNGUARDED_AVAILABILITY = YES_AGGRESSIVE;
				CLANG_WARN_UNREACHABLE_CODE = YES;
				CLANG_WARN__DUPLICATE_METHOD_MATCH = YES;
				CODE_SIGN_IDENTITY = "iPhone Developer";
				COPY_PHASE_STRIP = NO;
				DEBUG_INFORMATION_FORMAT = dwarf;
				ENABLE_STRICT_OBJC_MSGSEND = YES;
				ENABLE_TESTABILITY = YES;
				GCC_C_LANGUAGE_STANDARD = gnu11;
				GCC_DYNAMIC_NO_PIC = NO;
				GCC_NO_COMMON_BLOCKS = YES;
				GCC_OPTIMIZATION_LEVEL = 0;
				GCC_PREPROCESSOR_DEFINITIONS = (
					"DEBUG=1",
					"$(inherited)",
				);
				GCC_WARN_64_TO_32_BIT_CONVERSION = YES;
				GCC_WARN_ABOUT_RETURN_TYPE = YES_ERROR;
				GCC_WARN_UNDECLARED_SELECTOR = YES;
				GCC_WARN_UNINITIALIZED_AUTOS = YES_AGGRESSIVE;
				GCC_WARN_UNUSED_FUNCTION = YES;
				GCC_WARN_UNUSED_VARIABLE = YES;
				IPHONEOS_DEPLOYMENT_TARGET = 11.2;
				MTL_ENABLE_DEBUG_INFO = YES;
				ONLY_ACTIVE_ARCH = YES;
				SDKROOT = iphoneos;
				SWIFT_ACTIVE_COMPILATION_CONDITIONS = DEBUG;
				SWIFT_OPTIMIZATION_LEVEL = "-Onone";
			};
			name = Debug;
		};
		3F247925207372A0004BE733 /* Release */ = {
			isa = XCBuildConfiguration;
			buildSettings = {
				ALWAYS_SEARCH_USER_PATHS = NO;
				CLANG_ANALYZER_NONNULL = YES;
				CLANG_ANALYZER_NUMBER_OBJECT_CONVERSION = YES_AGGRESSIVE;
				CLANG_CXX_LANGUAGE_STANDARD = "gnu++14";
				CLANG_CXX_LIBRARY = "libc++";
				CLANG_ENABLE_MODULES = YES;
				CLANG_ENABLE_OBJC_ARC = YES;
				CLANG_WARN_BLOCK_CAPTURE_AUTORELEASING = YES;
				CLANG_WARN_BOOL_CONVERSION = YES;
				CLANG_WARN_COMMA = YES;
				CLANG_WARN_CONSTANT_CONVERSION = YES;
				CLANG_WARN_DIRECT_OBJC_ISA_USAGE = YES_ERROR;
				CLANG_WARN_DOCUMENTATION_COMMENTS = YES;
				CLANG_WARN_EMPTY_BODY = YES;
				CLANG_WARN_ENUM_CONVERSION = YES;
				CLANG_WARN_INFINITE_RECURSION = YES;
				CLANG_WARN_INT_CONVERSION = YES;
				CLANG_WARN_NON_LITERAL_NULL_CONVERSION = YES;
				CLANG_WARN_OBJC_LITERAL_CONVERSION = YES;
				CLANG_WARN_OBJC_ROOT_CLASS = YES_ERROR;
				CLANG_WARN_RANGE_LOOP_ANALYSIS = YES;
				CLANG_WARN_STRICT_PROTOTYPES = YES;
				CLANG_WARN_SUSPICIOUS_MOVE = YES;
				CLANG_WARN_UNGUARDED_AVAILABILITY = YES_AGGRESSIVE;
				CLANG_WARN_UNREACHABLE_CODE = YES;
				CLANG_WARN__DUPLICATE_METHOD_MATCH = YES;
				CODE_SIGN_IDENTITY = "iPhone Developer";
				COPY_PHASE_STRIP = NO;
				DEBUG_INFORMATION_FORMAT = "dwarf-with-dsym";
				ENABLE_NS_ASSERTIONS = NO;
				ENABLE_STRICT_OBJC_MSGSEND = YES;
				GCC_C_LANGUAGE_STANDARD = gnu11;
				GCC_NO_COMMON_BLOCKS = YES;
				GCC_WARN_64_TO_32_BIT_CONVERSION = YES;
				GCC_WARN_ABOUT_RETURN_TYPE = YES_ERROR;
				GCC_WARN_UNDECLARED_SELECTOR = YES;
				GCC_WARN_UNINITIALIZED_AUTOS = YES_AGGRESSIVE;
				GCC_WARN_UNUSED_FUNCTION = YES;
				GCC_WARN_UNUSED_VARIABLE = YES;
				IPHONEOS_DEPLOYMENT_TARGET = 11.2;
				MTL_ENABLE_DEBUG_INFO = NO;
				SDKROOT = iphoneos;
				SWIFT_OPTIMIZATION_LEVEL = "-Owholemodule";
				VALIDATE_PRODUCT = YES;
			};
			name = Release;
		};
		3F247927207372A0004BE733 /* Debug */ = {
			isa = XCBuildConfiguration;
			buildSettings = {
				ASSETCATALOG_COMPILER_APPICON_NAME = AppIcon;
				CODE_SIGN_STYLE = Automatic;
				DEVELOPMENT_TEAM = GGP5472W8N;
				INFOPLIST_FILE = SongAnimation/Info.plist;
				LD_RUNPATH_SEARCH_PATHS = "$(inherited) @executable_path/Frameworks";
				PRODUCT_BUNDLE_IDENTIFIER = cn.lijiangbo.SongAnimation;
				PRODUCT_NAME = "$(TARGET_NAME)";
				SWIFT_VERSION = 4.0;
				TARGETED_DEVICE_FAMILY = "1,2";
			};
			name = Debug;
		};
		3F247928207372A0004BE733 /* Release */ = {
			isa = XCBuildConfiguration;
			buildSettings = {
				ASSETCATALOG_COMPILER_APPICON_NAME = AppIcon;
				CODE_SIGN_STYLE = Automatic;
				DEVELOPMENT_TEAM = GGP5472W8N;
				INFOPLIST_FILE = SongAnimation/Info.plist;
				LD_RUNPATH_SEARCH_PATHS = "$(inherited) @executable_path/Frameworks";
				PRODUCT_BUNDLE_IDENTIFIER = cn.lijiangbo.SongAnimation;
				PRODUCT_NAME = "$(TARGET_NAME)";
				SWIFT_VERSION = 4.0;
				TARGETED_DEVICE_FAMILY = "1,2";
			};
			name = Release;
		};
/* End XCBuildConfiguration section */

/* Begin XCConfigurationList section */
		3F24790F2073729F004BE733 /* Build configuration list for PBXProject "SongAnimation" */ = {
			isa = XCConfigurationList;
			buildConfigurations = (
				3F247924207372A0004BE733 /* Debug */,
				3F247925207372A0004BE733 /* Release */,
			);
			defaultConfigurationIsVisible = 0;
			defaultConfigurationName = Release;
		};
		3F247926207372A0004BE733 /* Build configuration list for PBXNativeTarget "SongAnimation" */ = {
			isa = XCConfigurationList;
			buildConfigurations = (
				3F247927207372A0004BE733 /* Debug */,
				3F247928207372A0004BE733 /* Release */,
			);
			defaultConfigurationIsVisible = 0;
			defaultConfigurationName = Release;
		};
/* End XCConfigurationList section */
	};
	rootObject = 3F24790C2073729F004BE733 /* Project object */;
}
